dependencies:
- name: argo-cd
  repository: oci://registry.gpu1.thehip.app
  version: 0.0.1
- name: caddy-ingress-controller
  repository: oci://registry.gpu1.thehip.app
  version: 0.0.1
- name: keycloak
  repository: oci://registry.gpu1.thehip.app
  version: 0.0.1
- name: xpra-server
  repository: oci://registry.gpu1.thehip.app
  version: 0.0.1
digest: sha256:6b312f36ad937ecdc2b07b9184c8cdf8e05de4958ebe524620fd5c90d5875fb5
generated: "2024-01-30T09:49:42.266842724Z"
